// !$*UTF8*$!
{
	archiveVersion = 1;
	classes = {
	};
	objectVersion = 77;
	objects = {

/* Begin PBXBuildFile section */
		4A6660D42EF0CBAC00917527 /* FirebaseAuth in Frameworks */ = {isa = PBXBuildFile; productRef = 4A6660D32EF0CBAC00917527 /* FirebaseAuth */; };
		4A6660D62EF0CBB400917527 /* FirebaseFirestore in Frameworks */ = {isa = PBXBuildFile; productRef = 4A6660D52EF0CBB400917527 /* FirebaseFirestore */; };
		4A6660D82EF0CBD200917527 /* FirebaseFirestoreCombine-Community in Frameworks */ = {isa = PBXBuildFile; productRef = 4A6660D72EF0CBD200917527 /* FirebaseFirestoreCombine-Community */; };
		4A66623F2F1DC8C100917527 /* WidgetKit.framework in Frameworks */ = {isa = PBXBuildFile; fileRef = 4A66623E2F1DC8C100917527 /* WidgetKit.framework */; };
		4A6662412F1DC8C100917527 /* SwiftUI.framework in Frameworks */ = {isa = PBXBuildFile; fileRef = 4A6662402F1DC8C100917527 /* SwiftUI.framework */; };
		4A6662522F1DC8C500917527 /* FinanceWidgetExtension.appex in Embed Foundation Extensions */ = {isa = PBXBuildFile; fileRef = 4A66623D2F1DC8C100917527 /* FinanceWidgetExtension.appex */; settings = {ATTRIBUTES = (RemoveHeadersOnCopy, ); }; };
		4A7997CD2F34FFBB00F57974 /* FirebaseMessaging in Frameworks */ = {isa = PBXBuildFile; productRef = 4A7997CC2F34FFBB00F57974 /* FirebaseMessaging */; };
		4A7997E22F3661B800F57974 /* FirebaseMessaging in Frameworks */ = {isa = PBXBuildFile; productRef = 4A7997DF2F3661B800F57974 /* FirebaseMessaging */; };
		4A7997E32F3661B800F57974 /* FirebaseFirestoreCombine-Community in Frameworks */ = {isa = PBXBuildFile; productRef = 4A7997DE2F3661B800F57974 /* FirebaseFirestoreCombine-Community */; };
		4A7997E42F3661B800F57974 /* FirebaseAuth in Frameworks */ = {isa = PBXBuildFile; productRef = 4A7997DB2F3661B800F57974 /* FirebaseAuth */; };
		4A7997E52F3661B800F57974 /* FirebaseFirestore in Frameworks */ = {isa = PBXBuildFile; productRef = 4A7997DD2F3661B800F57974 /* FirebaseFirestore */; };
		4A7997E82F3661B800F57974 /* FinanceWidgetExtension.appex in Embed Foundation Extensions */ = {isa = PBXBuildFile; fileRef = 4A66623D2F1DC8C100917527 /* FinanceWidgetExtension.appex */; settings = {ATTRIBUTES = (RemoveHeadersOnCopy, ); }; };
/* End PBXBuildFile section */

/* Begin PBXContainerItemProxy section */
		4A6662502F1DC8C500917527 /* PBXContainerItemProxy */ = {
			isa = PBXContainerItemProxy;
			containerPortal = 4ADB75B42EF03ED200C767DE /* Project object */;
			proxyType = 1;
			remoteGlobalIDString = 4A66623C2F1DC8C100917527;
			remoteInfo = FinanceWidgetExtension;
		};
		4A7997DA2F3661B800F57974 /* PBXContainerItemProxy */ = {
			isa = PBXContainerItemProxy;
			containerPortal = 4ADB75B42EF03ED200C767DE /* Project object */;
			proxyType = 1;
			remoteGlobalIDString = 4A66623C2F1DC8C100917527;
			remoteInfo = FinanceWidgetExtension;
		};
		4ADB75D62EF03ED500C767DE /* PBXContainerItemProxy */ = {
			isa = PBXContainerItemProxy;
			containerPortal = 4ADB75B42EF03ED200C767DE /* Project object */;
			proxyType = 1;
			remoteGlobalIDString = 4ADB75BB2EF03ED200C767DE;
			remoteInfo = FinanceTracker;
		};
		4ADB75E02EF03ED500C767DE /* PBXContainerItemProxy */ = {
			isa = PBXContainerItemProxy;
			containerPortal = 4ADB75B42EF03ED200C767DE /* Project object */;
			proxyType = 1;
			remoteGlobalIDString = 4ADB75BB2EF03ED200C767DE;
			remoteInfo = FinanceTracker;
		};
/* End PBXContainerItemProxy section */

/* Begin PBXCopyFilesBuildPhase section */
		4A6662572F1DC8C500917527 /* Embed Foundation Extensions */ = {
			isa = PBXCopyFilesBuildPhase;
			buildActionMask = 2147483647;
			dstPath = "";
			dstSubfolderSpec = 13;
			files = (
				4A6662522F1DC8C500917527 /* FinanceWidgetExtension.appex in Embed Foundation Extensions */,
			);
			name = "Embed Foundation Extensions";
			runOnlyForDeploymentPostprocessing = 0;
		};
		4A7997E72F3661B800F57974 /* Embed Foundation Extensions */ = {
			isa = PBXCopyFilesBuildPhase;
			buildActionMask = 2147483647;
			dstPath = "";
			dstSubfolderSpec = 13;
			files = (
				4A7997E82F3661B800F57974 /* FinanceWidgetExtension.appex in Embed Foundation Extensions */,
			);
			name = "Embed Foundation Extensions";
			runOnlyForDeploymentPostprocessing = 0;
		};
/* End PBXCopyFilesBuildPhase section */

/* Begin PBXFileReference section */
		4A66623D2F1DC8C100917527 /* FinanceWidgetExtension.appex */ = {isa = PBXFileReference; explicitFileType = "wrapper.app-extension"; includeInIndex = 0; path = FinanceWidgetExtension.appex; sourceTree = BUILT_PRODUCTS_DIR; };
		4A66623E2F1DC8C100917527 /* WidgetKit.framework */ = {isa = PBXFileReference; lastKnownFileType = wrapper.framework; name = WidgetKit.framework; path = System/Library/Frameworks/WidgetKit.framework; sourceTree = SDKROOT; };
		4A6662402F1DC8C100917527 /* SwiftUI.framework */ = {isa = PBXFileReference; lastKnownFileType = wrapper.framework; name = SwiftUI.framework; path = System/Library/Frameworks/SwiftUI.framework; sourceTree = SDKROOT; };
		4A6662582F1DC8DF00917527 /* FinanceWidgetExtension.entitlements */ = {isa = PBXFileReference; lastKnownFileType = text.plist.entitlements; path = FinanceWidgetExtension.entitlements; sourceTree = "<group>"; };
		4A7997EC2F3661B800F57974 /* FinanceTracker copy.app */ = {isa = PBXFileReference; explicitFileType = wrapper.application; includeInIndex = 0; path = "FinanceTracker copy.app"; sourceTree = BUILT_PRODUCTS_DIR; };
		4A7997EE2F3661B900F57974 /* FinanceTracker copy-Info.plist */ = {isa = PBXFileReference; lastKnownFileType = text.plist.xml; name = "FinanceTracker copy-Info.plist"; path = "/Users/davidwu/Documents/FinanceTracker/FinanceTracker copy-Info.plist"; sourceTree = "<absolute>"; };
		4ADB75BC2EF03ED200C767DE /* FinanceTracker.app */ = {isa = PBXFileReference; explicitFileType = wrapper.application; includeInIndex = 0; path = FinanceTracker.app; sourceTree = BUILT_PRODUCTS_DIR; };
		4ADB75D52EF03ED500C767DE /* FinanceTrackerTests.xctest */ = {isa = PBXFileReference; explicitFileType = wrapper.cfbundle; includeInIndex = 0; path = FinanceTrackerTests.xctest; sourceTree = BUILT_PRODUCTS_DIR; };
		4ADB75DF2EF03ED500C767DE /* FinanceTrackerUITests.xctest */ = {isa = PBXFileReference; explicitFileType = wrapper.cfbundle; includeInIndex = 0; path = FinanceTrackerUITests.xctest; sourceTree = BUILT_PRODUCTS_DIR; };
/* End PBXFileReference section */

/* Begin PBXFileSystemSynchronizedBuildFileExceptionSet section */
		4A6662562F1DC8C500917527 /* Exceptions for "FinanceWidget" folder in "FinanceWidgetExtension" target */ = {
			isa = PBXFileSystemSynchronizedBuildFileExceptionSet;
			membershipExceptions = (
				Info.plist,
			);
			target = 4A66623C2F1DC8C100917527 /* FinanceWidgetExtension */;
		};
		4A66625A2F1DC92C00917527 /* Exceptions for "FinanceTracker" folder in "FinanceWidgetExtension" target */ = {
			isa = PBXFileSystemSynchronizedBuildFileExceptionSet;
			membershipExceptions = (
				Utils/WidgetDataManager.swift,
			);
			target = 4A66623C2F1DC8C100917527 /* FinanceWidgetExtension */;
		};
		4A7997ED2F3661B900F57974 /* Exceptions for "FinanceTracker" folder in "FinanceTracker copy" target */ = {
			isa = PBXFileSystemSynchronizedBuildFileExceptionSet;
			membershipExceptions = (
				"/Localized: LaunchScreen.storyboard",
				AppState.swift,
				Assets.xcassets,
				"Color+Extensions.swift",
				ContentView.swift,
				CurrencyManager.swift,
				DesignSystem.swift,
				Features/AppIntents/FinanceTrackerShortcuts.swift,
				Features/AppIntents/LogTransactionIntent.swift,
				Features/AppIntents/TransactionCategoryEntity.swift,
				FinanceTrackerApp.swift,
				FirebaseManager.swift,
				FirestoreModels.swift,
				FirestoreRepositories.swift,
				FriendRepository.swift,
				"GoogleService-Info.plist",
				GroupRepository.swift,
				HapticManager.swift,
				Info.plist,
				LocationManager.swift,
				Models.swift,
				NotificationManager.swift,
				PrivacyInfo.xcprivacy,
				RequestRepository.swift,
				Utilities/DebugLogger.swift,
				Utils/NotificationContent.swift,
				Utils/WidgetDataManager.swift,
			);
			target = 4A7997D82F3661B800F57974 /* FinanceTracker copy */;
		};
		4ADB75E72EF03ED500C767DE /* Exceptions for "FinanceTracker" folder in "FinanceTracker" target */ = {
			isa = PBXFileSystemSynchronizedBuildFileExceptionSet;
			membershipExceptions = (
				Info.plist,
			);
			target = 4ADB75BB2EF03ED200C767DE /* FinanceTracker */;
		};
/* End PBXFileSystemSynchronizedBuildFileExceptionSet section */

/* Begin PBXFileSystemSynchronizedRootGroup section */
		4A6662422F1DC8C100917527 /* FinanceWidget */ = {
			isa = PBXFileSystemSynchronizedRootGroup;
			exceptions = (
				4A6662562F1DC8C500917527 /* Exceptions for "FinanceWidget" folder in "FinanceWidgetExtension" target */,
			);
			path = FinanceWidget;
			sourceTree = "<group>";
		};
		4ADB75BE2EF03ED200C767DE /* FinanceTracker */ = {
			isa = PBXFileSystemSynchronizedRootGroup;
			exceptions = (
				4ADB75E72EF03ED500C767DE /* Exceptions for "FinanceTracker" folder in "FinanceTracker" target */,
				4A66625A2F1DC92C00917527 /* Exceptions for "FinanceTracker" folder in "FinanceWidgetExtension" target */,
				4A7997ED2F3661B900F57974 /* Exceptions for "FinanceTracker" folder in "FinanceTracker copy" target */,
			);
			path = FinanceTracker;
			sourceTree = "<group>";
		};
		4ADB75D82EF03ED500C767DE /* FinanceTrackerTests */ = {
			isa = PBXFileSystemSynchronizedRootGroup;
			path = FinanceTrackerTests;
			sourceTree = "<group>";
		};
		4ADB75E22EF03ED500C767DE /* FinanceTrackerUITests */ = {
			isa = PBXFileSystemSynchronizedRootGroup;
			path = FinanceTrackerUITests;
			sourceTree = "<group>";
		};
/* End PBXFileSystemSynchronizedRootGroup section */

/* Begin PBXFrameworksBuildPhase section */
		4A66623A2F1DC8C100917527 /* Frameworks */ = {
			isa = PBXFrameworksBuildPhase;
			buildActionMask = 2147483647;
			files = (
				4A6662412F1DC8C100917527 /* SwiftUI.framework in Frameworks */,
				4A66623F2F1DC8C100917527 /* WidgetKit.framework in Frameworks */,
			);
			runOnlyForDeploymentPostprocessing = 0;
		};
		4A7997E12F3661B800F57974 /* Frameworks */ = {
			isa = PBXFrameworksBuildPhase;
			buildActionMask = 2147483647;
			files = (
				4A7997E22F3661B800F57974 /* FirebaseMessaging in Frameworks */,
				4A7997E32F3661B800F57974 /* FirebaseFirestoreCombine-Community in Frameworks */,
				4A7997E42F3661B800F57974 /* FirebaseAuth in Frameworks */,
				4A7997E52F3661B800F57974 /* FirebaseFirestore in Frameworks */,
			);
			runOnlyForDeploymentPostprocessing = 0;
		};
		4ADB75B92EF03ED200C767DE /* Frameworks */ = {
			isa = PBXFrameworksBuildPhase;
			buildActionMask = 2147483647;
			files = (
				4A7997CD2F34FFBB00F57974 /* FirebaseMessaging in Frameworks */,
				4A6660D82EF0CBD200917527 /* FirebaseFirestoreCombine-Community in Frameworks */,
				4A6660D42EF0CBAC00917527 /* FirebaseAuth in Frameworks */,
				4A6660D62EF0CBB400917527 /* FirebaseFirestore in Frameworks */,
			);
			runOnlyForDeploymentPostprocessing = 0;
		};
		4ADB75D22EF03ED500C767DE /* Frameworks */ = {
			isa = PBXFrameworksBuildPhase;
			buildActionMask = 2147483647;
			files = (
			);
			runOnlyForDeploymentPostprocessing = 0;
		};
		4ADB75DC2EF03ED500C767DE /* Frameworks */ = {
			isa = PBXFrameworksBuildPhase;
			buildActionMask = 2147483647;
			files = (
			);
			runOnlyForDeploymentPostprocessing = 0;
		};
/* End PBXFrameworksBuildPhase section */

/* Begin PBXGroup section */
		4A6660D22EF0CBAC00917527 /* Frameworks */ = {
			isa = PBXGroup;
			children = (
				4A66623E2F1DC8C100917527 /* WidgetKit.framework */,
				4A6662402F1DC8C100917527 /* SwiftUI.framework */,
			);
			name = Frameworks;
			sourceTree = "<group>";
		};
		4ADB75B32EF03ED200C767DE = {
			isa = PBXGroup;
			children = (
				4A6662582F1DC8DF00917527 /* FinanceWidgetExtension.entitlements */,
				4ADB75BE2EF03ED200C767DE /* FinanceTracker */,
				4ADB75D82EF03ED500C767DE /* FinanceTrackerTests */,
				4ADB75E22EF03ED500C767DE /* FinanceTrackerUITests */,
				4A6662422F1DC8C100917527 /* FinanceWidget */,
				4A6660D22EF0CBAC00917527 /* Frameworks */,
				4A7997EE2F3661B900F57974 /* FinanceTracker copy-Info.plist */,
				4ADB75BD2EF03ED200C767DE /* Products */,
			);
			sourceTree = "<group>";
		};
		4ADB75BD2EF03ED200C767DE /* Products */ = {
			isa = PBXGroup;
			children = (
				4ADB75BC2EF03ED200C767DE /* FinanceTracker.app */,
				4ADB75D52EF03ED500C767DE /* FinanceTrackerTests.xctest */,
				4ADB75DF2EF03ED500C767DE /* FinanceTrackerUITests.xctest */,
				4A66623D2F1DC8C100917527 /* FinanceWidgetExtension.appex */,
				4A7997EC2F3661B800F57974 /* FinanceTracker copy.app */,
			);
			name = Products;
			sourceTree = "<group>";
		};
/* End PBXGroup section */

/* Begin PBXNativeTarget section */
		4A66623C2F1DC8C100917527 /* FinanceWidgetExtension */ = {
			isa = PBXNativeTarget;
			buildConfigurationList = 4A6662532F1DC8C500917527 /* Build configuration list for PBXNativeTarget "FinanceWidgetExtension" */;
			buildPhases = (
				4A6662392F1DC8C100917527 /* Sources */,
				4A66623A2F1DC8C100917527 /* Frameworks */,
				4A66623B2F1DC8C100917527 /* Resources */,
			);
			buildRules = (
			);
			dependencies = (
			);
			fileSystemSynchronizedGroups = (
				4A6662422F1DC8C100917527 /* FinanceWidget */,
			);
			name = FinanceWidgetExtension;
			packageProductDependencies = (
			);
			productName = FinanceWidgetExtension;
			productReference = 4A66623D2F1DC8C100917527 /* FinanceWidgetExtension.appex */;
			productType = "com.apple.product-type.app-extension";
		};
		4A7997D82F3661B800F57974 /* FinanceTracker copy */ = {
			isa = PBXNativeTarget;
			buildConfigurationList = 4A7997E92F3661B800F57974 /* Build configuration list for PBXNativeTarget "FinanceTracker copy" */;
			buildPhases = (
				4A7997E02F3661B800F57974 /* Sources */,
				4A7997E12F3661B800F57974 /* Frameworks */,
				4A7997E62F3661B800F57974 /* Resources */,
				4A7997E72F3661B800F57974 /* Embed Foundation Extensions */,
			);
			buildRules = (
			);
			dependencies = (
				4A7997D92F3661B800F57974 /* PBXTargetDependency */,
			);
			fileSystemSynchronizedGroups = (
				4ADB75BE2EF03ED200C767DE /* FinanceTracker */,
			);
			name = "FinanceTracker copy";
			packageProductDependencies = (
				4A7997DB2F3661B800F57974 /* FirebaseAuth */,
				4A7997DD2F3661B800F57974 /* FirebaseFirestore */,
				4A7997DE2F3661B800F57974 /* FirebaseFirestoreCombine-Community */,
				4A7997DF2F3661B800F57974 /* FirebaseMessaging */,
			);
			productName = FinanceTracker;
			productReference = 4A7997EC2F3661B800F57974 /* FinanceTracker copy.app */;
			productType = "com.apple.product-type.application";
		};
		4ADB75BB2EF03ED200C767DE /* FinanceTracker */ = {
			isa = PBXNativeTarget;
			buildConfigurationList = 4ADB75E82EF03ED500C767DE /* Build configuration list for PBXNativeTarget "FinanceTracker" */;
			buildPhases = (
				4ADB75B82EF03ED200C767DE /* Sources */,
				4ADB75B92EF03ED200C767DE /* Frameworks */,
				4ADB75BA2EF03ED200C767DE /* Resources */,
				4A6662572F1DC8C500917527 /* Embed Foundation Extensions */,
			);
			buildRules = (
			);
			dependencies = (
				4A6662512F1DC8C500917527 /* PBXTargetDependency */,
			);
			fileSystemSynchronizedGroups = (
				4ADB75BE2EF03ED200C767DE /* FinanceTracker */,
			);
			name = FinanceTracker;
			packageProductDependencies = (
				4A6660D32EF0CBAC00917527 /* FirebaseAuth */,
				4A6660D52EF0CBB400917527 /* FirebaseFirestore */,
				4A6660D72EF0CBD200917527 /* FirebaseFirestoreCombine-Community */,
				4A7997CC2F34FFBB00F57974 /* FirebaseMessaging */,
			);
			productName = FinanceTracker;
			productReference = 4ADB75BC2EF03ED200C767DE /* FinanceTracker.app */;
			productType = "com.apple.product-type.application";
		};
		4ADB75D42EF03ED500C767DE /* FinanceTrackerTests */ = {
			isa = PBXNativeTarget;
			buildConfigurationList = 4ADB75ED2EF03ED500C767DE /* Build configuration list for PBXNativeTarget "FinanceTrackerTests" */;
			buildPhases = (
				4ADB75D12EF03ED500C767DE /* Sources */,
				4ADB75D22EF03ED500C767DE /* Frameworks */,
				4ADB75D32EF03ED500C767DE /* Resources */,
			);
			buildRules = (
			);
			dependencies = (
				4ADB75D72EF03ED500C767DE /* PBXTargetDependency */,
			);
			fileSystemSynchronizedGroups = (
				4ADB75D82EF03ED500C767DE /* FinanceTrackerTests */,
			);
			name = FinanceTrackerTests;
			packageProductDependencies = (
			);
			productName = FinanceTrackerTests;
			productReference = 4ADB75D52EF03ED500C767DE /* FinanceTrackerTests.xctest */;
			productType = "com.apple.product-type.bundle.unit-test";
		};
		4ADB75DE2EF03ED500C767DE /* FinanceTrackerUITests */ = {
			isa = PBXNativeTarget;
			buildConfigurationList = 4ADB75F02EF03ED500C767DE /* Build configuration list for PBXNativeTarget "FinanceTrackerUITests" */;
			buildPhases = (
				4ADB75DB2EF03ED500C767DE /* Sources */,
				4ADB75DC2EF03ED500C767DE /* Frameworks */,
				4ADB75DD2EF03ED500C767DE /* Resources */,
			);
			buildRules = (
			);
			dependencies = (
				4ADB75E12EF03ED500C767DE /* PBXTargetDependency */,
			);
			fileSystemSynchronizedGroups = (
				4ADB75E22EF03ED500C767DE /* FinanceTrackerUITests */,
			);
			name = FinanceTrackerUITests;
			packageProductDependencies = (
			);
			productName = FinanceTrackerUITests;
			productReference = 4ADB75DF2EF03ED500C767DE /* FinanceTrackerUITests.xctest */;
			productType = "com.apple.product-type.bundle.ui-testing";
		};
/* End PBXNativeTarget section */

/* Begin PBXProject section */
		4ADB75B42EF03ED200C767DE /* Project object */ = {
			isa = PBXProject;
			attributes = {
				BuildIndependentTargetsInParallel = 1;
				LastSwiftUpdateCheck = 2620;
				LastUpgradeCheck = 2620;
				TargetAttributes = {
					4A66623C2F1DC8C100917527 = {
						CreatedOnToolsVersion = 26.2;
					};
					4ADB75BB2EF03ED200C767DE = {
						CreatedOnToolsVersion = 26.2;
					};
					4ADB75D42EF03ED500C767DE = {
						CreatedOnToolsVersion = 26.2;
						TestTargetID = 4ADB75BB2EF03ED200C767DE;
					};
					4ADB75DE2EF03ED500C767DE = {
						CreatedOnToolsVersion = 26.2;
						TestTargetID = 4ADB75BB2EF03ED200C767DE;
					};
				};
			};
			buildConfigurationList = 4ADB75B72EF03ED200C767DE /* Build configuration list for PBXProject "FinanceTracker" */;
			developmentRegion = en;
			hasScannedForEncodings = 0;
			knownRegions = (
				en,
				Base,
			);
			mainGroup = 4ADB75B32EF03ED200C767DE;
			minimizedProjectReferenceProxies = 1;
			packageReferences = (
				4A6660CF2EF0CA9A00917527 /* XCRemoteSwiftPackageReference "firebase-ios-sdk" */,
			);
			preferredProjectObjectVersion = 77;
			productRefGroup = 4ADB75BD2EF03ED200C767DE /* Products */;
			projectDirPath = "";
			projectRoot = "";
			targets = (
				4ADB75BB2EF03ED200C767DE /* FinanceTracker */,
				4ADB75D42EF03ED500C767DE /* FinanceTrackerTests */,
				4ADB75DE2EF03ED500C767DE /* FinanceTrackerUITests */,
				4A66623C2F1DC8C100917527 /* FinanceWidgetExtension */,
				4A7997D82F3661B800F57974 /* FinanceTracker copy */,
			);
		};
/* End PBXProject section */

/* Begin PBXResourcesBuildPhase section */
		4A66623B2F1DC8C100917527 /* Resources */ = {
			isa = PBXResourcesBuildPhase;
			buildActionMask = 2147483647;
			files = (
			);
			runOnlyForDeploymentPostprocessing = 0;
		};
		4A7997E62F3661B800F57974 /* Resources */ = {
			isa = PBXResourcesBuildPhase;
			buildActionMask = 2147483647;
			files = (
			);
			runOnlyForDeploymentPostprocessing = 0;
		};
		4ADB75BA2EF03ED200C767DE /* Resources */ = {
			isa = PBXResourcesBuildPhase;
			buildActionMask = 2147483647;
			files = (
			);
			runOnlyForDeploymentPostprocessing = 0;
		};
		4ADB75D32EF03ED500C767DE /* Resources */ = {
			isa = PBXResourcesBuildPhase;
			buildActionMask = 2147483647;
			files = (
			);
			runOnlyForDeploymentPostprocessing = 0;
		};
		4ADB75DD2EF03ED500C767DE /* Resources */ = {
			isa = PBXResourcesBuildPhase;
			buildActionMask = 2147483647;
			files = (
			);
			runOnlyForDeploymentPostprocessing = 0;
		};
/* End PBXResourcesBuildPhase section */

/* Begin PBXSourcesBuildPhase section */
		4A6662392F1DC8C100917527 /* Sources */ = {
			isa = PBXSourcesBuildPhase;
			buildActionMask = 2147483647;
			files = (
			);
			runOnlyForDeploymentPostprocessing = 0;
		};
		4A7997E02F3661B800F57974 /* Sources */ = {
			isa = PBXSourcesBuildPhase;
			buildActionMask = 2147483647;
			files = (
			);
			runOnlyForDeploymentPostprocessing = 0;
		};
		4ADB75B82EF03ED200C767DE /* Sources */ = {
			isa = PBXSourcesBuildPhase;
			buildActionMask = 2147483647;
			files = (
			);
			runOnlyForDeploymentPostprocessing = 0;
		};
		4ADB75D12EF03ED500C767DE /* Sources */ = {
			isa = PBXSourcesBuildPhase;
			buildActionMask = 2147483647;
			files = (
			);
			runOnlyForDeploymentPostprocessing = 0;
		};
		4ADB75DB2EF03ED500C767DE /* Sources */ = {
			isa = PBXSourcesBuildPhase;
			buildActionMask = 2147483647;
			files = (
			);
			runOnlyForDeploymentPostprocessing = 0;
		};
/* End PBXSourcesBuildPhase section */

/* Begin PBXTargetDependency section */
		4A6662512F1DC8C500917527 /* PBXTargetDependency */ = {
			isa = PBXTargetDependency;
			target = 4A66623C2F1DC8C100917527 /* FinanceWidgetExtension */;
			targetProxy = 4A6662502F1DC8C500917527 /* PBXContainerItemProxy */;
		};
		4A7997D92F3661B800F57974 /* PBXTargetDependency */ = {
			isa = PBXTargetDependency;
			target = 4A66623C2F1DC8C100917527 /* FinanceWidgetExtension */;
			targetProxy = 4A7997DA2F3661B800F57974 /* PBXContainerItemProxy */;
		};
		4ADB75D72EF03ED500C767DE /* PBXTargetDependency */ = {
			isa = PBXTargetDependency;
			target = 4ADB75BB2EF03ED200C767DE /* FinanceTracker */;
			targetProxy = 4ADB75D62EF03ED500C767DE /* PBXContainerItemProxy */;
		};
		4ADB75E12EF03ED500C767DE /* PBXTargetDependency */ = {
			isa = PBXTargetDependency;
			target = 4ADB75BB2EF03ED200C767DE /* FinanceTracker */;
			targetProxy = 4ADB75E02EF03ED500C767DE /* PBXContainerItemProxy */;
		};
/* End PBXTargetDependency section */

/* Begin XCBuildConfiguration section */
		4A6662542F1DC8C500917527 /* Debug */ = {
			isa = XCBuildConfiguration;
			buildSettings = {
				ASSETCATALOG_COMPILER_GLOBAL_ACCENT_COLOR_NAME = AccentColor;
				ASSETCATALOG_COMPILER_WIDGET_BACKGROUND_COLOR_NAME = WidgetBackground;
				CODE_SIGN_ENTITLEMENTS = FinanceWidgetExtension.entitlements;
				CODE_SIGN_STYLE = Automatic;
				CURRENT_PROJECT_VERSION = 3;
				DEVELOPMENT_TEAM = H6U663Z4ZQ;
				GENERATE_INFOPLIST_FILE = YES;
				INFOPLIST_FILE = FinanceWidget/Info.plist;
				INFOPLIST_KEY_CFBundleDisplayName = FinanceWidget;
				INFOPLIST_KEY_NSHumanReadableCopyright = "";
				LD_RUNPATH_SEARCH_PATHS = (
					"$(inherited)",
					"@executable_path/Frameworks",
					"@executable_path/../../Frameworks",
				);
				MARKETING_VERSION = 1.1.1;
				PRODUCT_BUNDLE_IDENTIFIER = com.wu.FinanceTracker.FinanceWidget;
				PRODUCT_NAME = "$(TARGET_NAME)";
				SKIP_INSTALL = YES;
				STRING_CATALOG_GENERATE_SYMBOLS = YES;
				SWIFT_APPROACHABLE_CONCURRENCY = YES;
				SWIFT_EMIT_LOC_STRINGS = YES;
				SWIFT_UPCOMING_FEATURE_MEMBER_IMPORT_VISIBILITY = YES;
				SWIFT_VERSION = 5.0;
				TARGETED_DEVICE_FAMILY = "1,2";
			};
			name = Debug;
		};
		4A6662552F1DC8C500917527 /* Release */ = {
			isa = XCBuildConfiguration;
			buildSettings = {
				ASSETCATALOG_COMPILER_GLOBAL_ACCENT_COLOR_NAME = AccentColor;
				ASSETCATALOG_COMPILER_WIDGET_BACKGROUND_COLOR_NAME = WidgetBackground;
				CODE_SIGN_ENTITLEMENTS = FinanceWidgetExtension.entitlements;
				CODE_SIGN_STYLE = Automatic;
				CURRENT_PROJECT_VERSION = 3;
				DEVELOPMENT_TEAM = H6U663Z4ZQ;
				GENERATE_INFOPLIST_FILE = YES;
				INFOPLIST_FILE = FinanceWidget/Info.plist;
				INFOPLIST_KEY_CFBundleDisplayName = FinanceWidget;
				INFOPLIST_KEY_NSHumanReadableCopyright = "";
				LD_RUNPATH_SEARCH_PATHS = (
					"$(inherited)",
					"@executable_path/Frameworks",
					"@executable_path/../../Frameworks",
				);
				MARKETING_VERSION = 1.1.1;
				PRODUCT_BUNDLE_IDENTIFIER = com.wu.FinanceTracker.FinanceWidget;
				PRODUCT_NAME = "$(TARGET_NAME)";
				SKIP_INSTALL = YES;
				STRING_CATALOG_GENERATE_SYMBOLS = YES;
				SWIFT_APPROACHABLE_CONCURRENCY = YES;
				SWIFT_EMIT_LOC_STRINGS = YES;
				SWIFT_UPCOMING_FEATURE_MEMBER_IMPORT_VISIBILITY = YES;
				SWIFT_VERSION = 5.0;
				TARGETED_DEVICE_FAMILY = "1,2";
			};
			name = Release;
		};
		4A7997EA2F3661B800F57974 /* Debug */ = {
			isa = XCBuildConfiguration;
			buildSettings = {
				ASSETCATALOG_COMPILER_APPICON_NAME = AppIcon;
				ASSETCATALOG_COMPILER_GLOBAL_ACCENT_COLOR_NAME = AccentColor;
				ASSETCATALOG_COMPILER_INCLUDE_ALL_APPICON_ASSETS = YES;
				CODE_SIGN_ENTITLEMENTS = FinanceTracker/FinanceTracker.entitlements;
				CODE_SIGN_STYLE = Automatic;
				CURRENT_PROJECT_VERSION = 3;
				DEVELOPMENT_TEAM = H6U663Z4ZQ;
				GENERATE_INFOPLIST_FILE = YES;
				INFOPLIST_FILE = "FinanceTracker copy-Info.plist";
				INFOPLIST_KEY_CFBundleDisplayName = wym;
				INFOPLIST_KEY_LSApplicationCategoryType = "public.app-category.finance";
				INFOPLIST_KEY_NSLocationWhenInUseUsageDescription = "We use your location to tag where transactions occurred.";
				INFOPLIST_KEY_UIApplicationSupportsIndirectInputEvents = YES;
				INFOPLIST_KEY_UILaunchStoryboardName = a;
				INFOPLIST_KEY_UIStatusBarHidden = NO;
				INFOPLIST_KEY_UIStatusBarStyle = "";
				INFOPLIST_KEY_UISupportedInterfaceOrientations = UIInterfaceOrientationPortrait;
				INFOPLIST_KEY_UISupportedInterfaceOrientations_iPad = "UIInterfaceOrientationLandscapeLeft UIInterfaceOrientationLandscapeRight UIInterfaceOrientationPortrait UIInterfaceOrientationPortraitUpsideDown";
				IPHONEOS_DEPLOYMENT_TARGET = 18.0;
				LD_RUNPATH_SEARCH_PATHS = (
					"$(inherited)",
					"@executable_path/Frameworks",
				);
				MARKETING_VERSION = 1.1.1;
				PRODUCT_BUNDLE_IDENTIFIER = com.wu.FinanceTracker;
				PRODUCT_NAME = "$(TARGET_NAME)";
				STRING_CATALOG_GENERATE_SYMBOLS = YES;
				SUPPORTED_PLATFORMS = "iphoneos iphonesimulator";
				SUPPORTS_MACCATALYST = NO;
				SUPPORTS_MAC_DESIGNED_FOR_IPHONE_IPAD = NO;
				SUPPORTS_XR_DESIGNED_FOR_IPHONE_IPAD = NO;
				SWIFT_APPROACHABLE_CONCURRENCY = YES;
				SWIFT_DEFAULT_ACTOR_ISOLATION = MainActor;
				SWIFT_EMIT_LOC_STRINGS = YES;
				SWIFT_UPCOMING_FEATURE_MEMBER_IMPORT_VISIBILITY = YES;
				SWIFT_VERSION = 5.0;
				TARGETED_DEVICE_FAMILY = 1;
			};
			name = Debug;
		};
		4A7997EB2F3661B800F57974 /* Release */ = {
			isa = XCBuildConfiguration;
			buildSettings = {
				ASSETCATALOG_COMPILER_APPICON_NAME = AppIcon;
				ASSETCATALOG_COMPILER_GLOBAL_ACCENT_COLOR_NAME = AccentColor;
				ASSETCATALOG_COMPILER_INCLUDE_ALL_APPICON_ASSETS = YES;
				CODE_SIGN_ENTITLEMENTS = FinanceTracker/FinanceTracker.entitlements;
				CODE_SIGN_STYLE = Automatic;
				CURRENT_PROJECT_VERSION = 3;
				DEVELOPMENT_TEAM = H6U663Z4ZQ;
				GENERATE_INFOPLIST_FILE = YES;
				INFOPLIST_FILE = "FinanceTracker copy-Info.plist";
				INFOPLIST_KEY_CFBundleDisplayName = wym;
				INFOPLIST_KEY_LSApplicationCategoryType = "public.app-category.finance";
				INFOPLIST_KEY_NSLocationWhenInUseUsageDescription = "We use your location to tag where transactions occurred.";
				INFOPLIST_KEY_UIApplicationSupportsIndirectInputEvents = YES;
				INFOPLIST_KEY_UILaunchStoryboardName = a;
				INFOPLIST_KEY_UIStatusBarHidden = NO;
				INFOPLIST_KEY_UIStatusBarStyle = "";
				INFOPLIST_KEY_UISupportedInterfaceOrientations = UIInterfaceOrientationPortrait;
				INFOPLIST_KEY_UISupportedInterfaceOrientations_iPad = "UIInterfaceOrientationLandscapeLeft UIInterfaceOrientationLandscapeRight UIInterfaceOrientationPortrait UIInterfaceOrientationPortraitUpsideDown";
				IPHONEOS_DEPLOYMENT_TARGET = 18.0;
				LD_RUNPATH_SEARCH_PATHS = (
					"$(inherited)",
					"@executable_path/Frameworks",
				);
				MARKETING_VERSION = 1.1.1;
				PRODUCT_BUNDLE_IDENTIFIER = com.wu.FinanceTracker;
				PRODUCT_NAME = "$(TARGET_NAME)";
				STRING_CATALOG_GENERATE_SYMBOLS = YES;
				SUPPORTED_PLATFORMS = "iphoneos iphonesimulator";
				SUPPORTS_MACCATALYST = NO;
				SUPPORTS_MAC_DESIGNED_FOR_IPHONE_IPAD = NO;
				SUPPORTS_XR_DESIGNED_FOR_IPHONE_IPAD = NO;
				SWIFT_APPROACHABLE_CONCURRENCY = YES;
				SWIFT_DEFAULT_ACTOR_ISOLATION = MainActor;
				SWIFT_EMIT_LOC_STRINGS = YES;
				SWIFT_UPCOMING_FEATURE_MEMBER_IMPORT_VISIBILITY = YES;
				SWIFT_VERSION = 5.0;
				TARGETED_DEVICE_FAMILY = 1;
			};
			name = Release;
		};
		4ADB75E92EF03ED500C767DE /* Debug */ = {
			isa = XCBuildConfiguration;
			buildSettings = {
				ASSETCATALOG_COMPILER_APPICON_NAME = AppIcon;
				ASSETCATALOG_COMPILER_GLOBAL_ACCENT_COLOR_NAME = AccentColor;
				ASSETCATALOG_COMPILER_INCLUDE_ALL_APPICON_ASSETS = YES;
				CODE_SIGN_ENTITLEMENTS = FinanceTracker/FinanceTracker.entitlements;
				CODE_SIGN_STYLE = Automatic;
				CURRENT_PROJECT_VERSION = 3;
				DEVELOPMENT_TEAM = H6U663Z4ZQ;
				GENERATE_INFOPLIST_FILE = YES;
				INFOPLIST_FILE = FinanceTracker/Info.plist;
				INFOPLIST_KEY_CFBundleDisplayName = wym;
				INFOPLIST_KEY_LSApplicationCategoryType = "public.app-category.finance";
				INFOPLIST_KEY_NSLocationWhenInUseUsageDescription = "We use your location to tag where transactions occurred.";
				INFOPLIST_KEY_UIApplicationSupportsIndirectInputEvents = YES;
				INFOPLIST_KEY_UILaunchStoryboardName = a;
				INFOPLIST_KEY_UIStatusBarHidden = NO;
				INFOPLIST_KEY_UIStatusBarStyle = "";
				INFOPLIST_KEY_UISupportedInterfaceOrientations = UIInterfaceOrientationPortrait;
				INFOPLIST_KEY_UISupportedInterfaceOrientations_iPad = "UIInterfaceOrientationLandscapeLeft UIInterfaceOrientationLandscapeRight UIInterfaceOrientationPortrait UIInterfaceOrientationPortraitUpsideDown";
				IPHONEOS_DEPLOYMENT_TARGET = 18.0;
				LD_RUNPATH_SEARCH_PATHS = (
					"$(inherited)",
					"@executable_path/Frameworks",
				);
				MARKETING_VERSION = 1.1.1;
				PRODUCT_BUNDLE_IDENTIFIER = com.wu.FinanceTracker;
				PRODUCT_NAME = "$(TARGET_NAME)";
				STRING_CATALOG_GENERATE_SYMBOLS = YES;
				SUPPORTED_PLATFORMS = "iphoneos iphonesimulator";
				SUPPORTS_MACCATALYST = NO;
				SUPPORTS_MAC_DESIGNED_FOR_IPHONE_IPAD = NO;
				SUPPORTS_XR_DESIGNED_FOR_IPHONE_IPAD = NO;
				SWIFT_APPROACHABLE_CONCURRENCY = YES;
				SWIFT_DEFAULT_ACTOR_ISOLATION = MainActor;
				SWIFT_EMIT_LOC_STRINGS = YES;
				SWIFT_UPCOMING_FEATURE_MEMBER_IMPORT_VISIBILITY = YES;
				SWIFT_VERSION = 5.0;
				TARGETED_DEVICE_FAMILY = 1;
			};
			name = Debug;
		};
		4ADB75EA2EF03ED500C767DE /* Release */ = {
			isa = XCBuildConfiguration;
			buildSettings = {
				ASSETCATALOG_COMPILER_APPICON_NAME = AppIcon;
				ASSETCATALOG_COMPILER_GLOBAL_ACCENT_COLOR_NAME = AccentColor;
				ASSETCATALOG_COMPILER_INCLUDE_ALL_APPICON_ASSETS = YES;
				CODE_SIGN_ENTITLEMENTS = FinanceTracker/FinanceTracker.entitlements;
				CODE_SIGN_STYLE = Automatic;
				CURRENT_PROJECT_VERSION = 3;
				DEVELOPMENT_TEAM = H6U663Z4ZQ;
				GENERATE_INFOPLIST_FILE = YES;
				INFOPLIST_FILE = FinanceTracker/Info.plist;
				INFOPLIST_KEY_CFBundleDisplayName = wym;
				INFOPLIST_KEY_LSApplicationCategoryType = "public.app-category.finance";
				INFOPLIST_KEY_NSLocationWhenInUseUsageDescription = "We use your location to tag where transactions occurred.";
				INFOPLIST_KEY_UIApplicationSupportsIndirectInputEvents = YES;
				INFOPLIST_KEY_UILaunchStoryboardName = a;
				INFOPLIST_KEY_UIStatusBarHidden = NO;
				INFOPLIST_KEY_UIStatusBarStyle = "";
				INFOPLIST_KEY_UISupportedInterfaceOrientations = UIInterfaceOrientationPortrait;
				INFOPLIST_KEY_UISupportedInterfaceOrientations_iPad = "UIInterfaceOrientationLandscapeLeft UIInterfaceOrientationLandscapeRight UIInterfaceOrientationPortrait UIInterfaceOrientationPortraitUpsideDown";
				IPHONEOS_DEPLOYMENT_TARGET = 18.0;
				LD_RUNPATH_SEARCH_PATHS = (
					"$(inherited)",
					"@executable_path/Frameworks",
				);
				MARKETING_VERSION = 1.1.1;
				PRODUCT_BUNDLE_IDENTIFIER = com.wu.FinanceTracker;
				PRODUCT_NAME = "$(TARGET_NAME)";
				STRING_CATALOG_GENERATE_SYMBOLS = YES;
				SUPPORTED_PLATFORMS = "iphoneos iphonesimulator";
				SUPPORTS_MACCATALYST = NO;
				SUPPORTS_MAC_DESIGNED_FOR_IPHONE_IPAD = NO;
				SUPPORTS_XR_DESIGNED_FOR_IPHONE_IPAD = NO;
				SWIFT_APPROACHABLE_CONCURRENCY = YES;
				SWIFT_DEFAULT_ACTOR_ISOLATION = MainActor;
				SWIFT_EMIT_LOC_STRINGS = YES;
				SWIFT_UPCOMING_FEATURE_MEMBER_IMPORT_VISIBILITY = YES;
				SWIFT_VERSION = 5.0;
				TARGETED_DEVICE_FAMILY = 1;
			};
			name = Release;
		};
		4ADB75EB2EF03ED500C767DE /* Debug */ = {
			isa = XCBuildConfiguration;
			buildSettings = {
				ALWAYS_SEARCH_USER_PATHS = NO;
				ASSETCATALOG_COMPILER_GENERATE_SWIFT_ASSET_SYMBOL_EXTENSIONS = YES;
				CLANG_ANALYZER_NONNULL = YES;
				CLANG_ANALYZER_NUMBER_OBJECT_CONVERSION = YES_AGGRESSIVE;
				CLANG_CXX_LANGUAGE_STANDARD = "gnu++20";
				CLANG_ENABLE_MODULES = YES;
				CLANG_ENABLE_OBJC_ARC = YES;
				CLANG_ENABLE_OBJC_WEAK = YES;
				CLANG_WARN_BLOCK_CAPTURE_AUTORELEASING = YES;
				CLANG_WARN_BOOL_CONVERSION = YES;
				CLANG_WARN_COMMA = YES;
				CLANG_WARN_CONSTANT_CONVERSION = YES;
				CLANG_WARN_DEPRECATED_OBJC_IMPLEMENTATIONS = YES;
				CLANG_WARN_DIRECT_OBJC_ISA_USAGE = YES_ERROR;
				CLANG_WARN_DOCUMENTATION_COMMENTS = YES;
				CLANG_WARN_EMPTY_BODY = YES;
				CLANG_WARN_ENUM_CONVERSION = YES;
				CLANG_WARN_INFINITE_RECURSION = YES;
				CLANG_WARN_INT_CONVERSION = YES;
				CLANG_WARN_NON_LITERAL_NULL_CONVERSION = YES;
				CLANG_WARN_OBJC_IMPLICIT_RETAIN_SELF = YES;
				CLANG_WARN_OBJC_LITERAL_CONVERSION = YES;
				CLANG_WARN_OBJC_ROOT_CLASS = YES_ERROR;
				CLANG_WARN_QUOTED_INCLUDE_IN_FRAMEWORK_HEADER = YES;
				CLANG_WARN_RANGE_LOOP_ANALYSIS = YES;
				CLANG_WARN_STRICT_PROTOTYPES = YES;
				CLANG_WARN_SUSPICIOUS_MOVE = YES;
				CLANG_WARN_UNGUARDED_AVAILABILITY = YES_AGGRESSIVE;
				CLANG_WARN_UNREACHABLE_CODE = YES;
				CLANG_WARN__DUPLICATE_METHOD_MATCH = YES;
				COPY_PHASE_STRIP = NO;
				DEBUG_INFORMATION_FORMAT = dwarf;
				DEVELOPMENT_TEAM = H6U663Z4ZQ;
				ENABLE_STRICT_OBJC_MSGSEND = YES;
				ENABLE_TESTABILITY = YES;
				ENABLE_USER_SCRIPT_SANDBOXING = YES;
				GCC_C_LANGUAGE_STANDARD = gnu17;
				GCC_DYNAMIC_NO_PIC = NO;
				GCC_NO_COMMON_BLOCKS = YES;
				GCC_OPTIMIZATION_LEVEL = 0;
				GCC_PREPROCESSOR_DEFINITIONS = (
					"DEBUG=1",
					"$(inherited)",
				);
				GCC_WARN_64_TO_32_BIT_CONVERSION = YES;
				GCC_WARN_ABOUT_RETURN_TYPE = YES_ERROR;
				GCC_WARN_UNDECLARED_SELECTOR = YES;
				GCC_WARN_UNINITIALIZED_AUTOS = YES_AGGRESSIVE;
				GCC_WARN_UNUSED_FUNCTION = YES;
				GCC_WARN_UNUSED_VARIABLE = YES;
				IPHONEOS_DEPLOYMENT_TARGET = 18.0;
				LOCALIZATION_PREFERS_STRING_CATALOGS = YES;
				MTL_ENABLE_DEBUG_INFO = INCLUDE_SOURCE;
				MTL_FAST_MATH = YES;
				ONLY_ACTIVE_ARCH = YES;
				SDKROOT = iphoneos;
				SWIFT_ACTIVE_COMPILATION_CONDITIONS = "DEBUG $(inherited)";
				SWIFT_OPTIMIZATION_LEVEL = "-Onone";
			};
			name = Debug;
		};
		4ADB75EC2EF03ED500C767DE /* Release */ = {
			isa = XCBuildConfiguration;
			buildSettings = {
				ALWAYS_SEARCH_USER_PATHS = NO;
				ASSETCATALOG_COMPILER_GENERATE_SWIFT_ASSET_SYMBOL_EXTENSIONS = YES;
				CLANG_ANALYZER_NONNULL = YES;
				CLANG_ANALYZER_NUMBER_OBJECT_CONVERSION = YES_AGGRESSIVE;
				CLANG_CXX_LANGUAGE_STANDARD = "gnu++20";
				CLANG_ENABLE_MODULES = YES;
				CLANG_ENABLE_OBJC_ARC = YES;
				CLANG_ENABLE_OBJC_WEAK = YES;
				CLANG_WARN_BLOCK_CAPTURE_AUTORELEASING = YES;
				CLANG_WARN_BOOL_CONVERSION = YES;
				CLANG_WARN_COMMA = YES;
				CLANG_WARN_CONSTANT_CONVERSION = YES;
				CLANG_WARN_DEPRECATED_OBJC_IMPLEMENTATIONS = YES;
				CLANG_WARN_DIRECT_OBJC_ISA_USAGE = YES_ERROR;
				CLANG_WARN_DOCUMENTATION_COMMENTS = YES;
				CLANG_WARN_EMPTY_BODY = YES;
				CLANG_WARN_ENUM_CONVERSION = YES;
				CLANG_WARN_INFINITE_RECURSION = YES;
				CLANG_WARN_INT_CONVERSION = YES;
				CLANG_WARN_NON_LITERAL_NULL_CONVERSION = YES;
				CLANG_WARN_OBJC_IMPLICIT_RETAIN_SELF = YES;
				CLANG_WARN_OBJC_LITERAL_CONVERSION = YES;
				CLANG_WARN_OBJC_ROOT_CLASS = YES_ERROR;
				CLANG_WARN_QUOTED_INCLUDE_IN_FRAMEWORK_HEADER = YES;
				CLANG_WARN_RANGE_LOOP_ANALYSIS = YES;
				CLANG_WARN_STRICT_PROTOTYPES = YES;
				CLANG_WARN_SUSPICIOUS_MOVE = YES;
				CLANG_WARN_UNGUARDED_AVAILABILITY = YES_AGGRESSIVE;
				CLANG_WARN_UNREACHABLE_CODE = YES;
				CLANG_WARN__DUPLICATE_METHOD_MATCH = YES;
				COPY_PHASE_STRIP = NO;
				DEBUG_INFORMATION_FORMAT = "dwarf-with-dsym";
				DEVELOPMENT_TEAM = H6U663Z4ZQ;
				ENABLE_NS_ASSERTIONS = NO;
				ENABLE_STRICT_OBJC_MSGSEND = YES;
				ENABLE_USER_SCRIPT_SANDBOXING = YES;
				GCC_C_LANGUAGE_STANDARD = gnu17;
				GCC_NO_COMMON_BLOCKS = YES;
				GCC_WARN_64_TO_32_BIT_CONVERSION = YES;
				GCC_WARN_ABOUT_RETURN_TYPE = YES_ERROR;
				GCC_WARN_UNDECLARED_SELECTOR = YES;
				GCC_WARN_UNINITIALIZED_AUTOS = YES_AGGRESSIVE;
				GCC_WARN_UNUSED_FUNCTION = YES;
				GCC_WARN_UNUSED_VARIABLE = YES;
				IPHONEOS_DEPLOYMENT_TARGET = 18.0;
				LOCALIZATION_PREFERS_STRING_CATALOGS = YES;
				MTL_ENABLE_DEBUG_INFO = NO;
				MTL_FAST_MATH = YES;
				SDKROOT = iphoneos;
				SWIFT_COMPILATION_MODE = wholemodule;
				VALIDATE_PRODUCT = YES;
			};
			name = Release;
		};
		4ADB75EE2EF03ED500C767DE /* Debug */ = {
			isa = XCBuildConfiguration;
			buildSettings = {
				BUNDLE_LOADER = "$(TEST_HOST)";
				CODE_SIGN_STYLE = Automatic;
				CURRENT_PROJECT_VERSION = 3;
				DEVELOPMENT_TEAM = H6U663Z4ZQ;
				GENERATE_INFOPLIST_FILE = YES;
				IPHONEOS_DEPLOYMENT_TARGET = 18.0;
				MARKETING_VERSION = 1.1.1;
				PRODUCT_BUNDLE_IDENTIFIER = com.wu.FinanceTrackerTests;
				PRODUCT_NAME = "$(TARGET_NAME)";
				STRING_CATALOG_GENERATE_SYMBOLS = NO;
				SWIFT_APPROACHABLE_CONCURRENCY = YES;
				SWIFT_EMIT_LOC_STRINGS = NO;
				SWIFT_UPCOMING_FEATURE_MEMBER_IMPORT_VISIBILITY = YES;
				SWIFT_VERSION = 5.0;
				TARGETED_DEVICE_FAMILY = "1,2";
				TEST_HOST = "$(BUILT_PRODUCTS_DIR)/FinanceTracker.app/$(BUNDLE_EXECUTABLE_FOLDER_PATH)/FinanceTracker";
			};
			name = Debug;
		};
		4ADB75EF2EF03ED500C767DE /* Release */ = {
			isa = XCBuildConfiguration;
			buildSettings = {
				BUNDLE_LOADER = "$(TEST_HOST)";
				CODE_SIGN_STYLE = Automatic;
				CURRENT_PROJECT_VERSION = 3;
				DEVELOPMENT_TEAM = H6U663Z4ZQ;
				GENERATE_INFOPLIST_FILE = YES;
				IPHONEOS_DEPLOYMENT_TARGET = 18.0;
				MARKETING_VERSION = 1.1.1;
				PRODUCT_BUNDLE_IDENTIFIER = com.wu.FinanceTrackerTests;
				PRODUCT_NAME = "$(TARGET_NAME)";
				STRING_CATALOG_GENERATE_SYMBOLS = NO;
				SWIFT_APPROACHABLE_CONCURRENCY = YES;
				SWIFT_EMIT_LOC_STRINGS = NO;
				SWIFT_UPCOMING_FEATURE_MEMBER_IMPORT_VISIBILITY = YES;
				SWIFT_VERSION = 5.0;
				TARGETED_DEVICE_FAMILY = "1,2";
				TEST_HOST = "$(BUILT_PRODUCTS_DIR)/FinanceTracker.app/$(BUNDLE_EXECUTABLE_FOLDER_PATH)/FinanceTracker";
			};
			name = Release;
		};
		4ADB75F12EF03ED500C767DE /* Debug */ = {
			isa = XCBuildConfiguration;
			buildSettings = {
				CODE_SIGN_STYLE = Automatic;
				CURRENT_PROJECT_VERSION = 3;
				DEVELOPMENT_TEAM = H6U663Z4ZQ;
				GENERATE_INFOPLIST_FILE = YES;
				MARKETING_VERSION = 1.1.1;
				PRODUCT_BUNDLE_IDENTIFIER = com.wu.FinanceTrackerUITests;
				PRODUCT_NAME = "$(TARGET_NAME)";
				STRING_CATALOG_GENERATE_SYMBOLS = NO;
				SWIFT_APPROACHABLE_CONCURRENCY = YES;
				SWIFT_EMIT_LOC_STRINGS = NO;
				SWIFT_UPCOMING_FEATURE_MEMBER_IMPORT_VISIBILITY = YES;
				SWIFT_VERSION = 5.0;
				TARGETED_DEVICE_FAMILY = "1,2";
				TEST_TARGET_NAME = FinanceTracker;
			};
			name = Debug;
		};
		4ADB75F22EF03ED500C767DE /* Release */ = {
			isa = XCBuildConfiguration;
			buildSettings = {
				CODE_SIGN_STYLE = Automatic;
				CURRENT_PROJECT_VERSION = 3;
				DEVELOPMENT_TEAM = H6U663Z4ZQ;
				GENERATE_INFOPLIST_FILE = YES;
				MARKETING_VERSION = 1.1.1;
				PRODUCT_BUNDLE_IDENTIFIER = com.wu.FinanceTrackerUITests;
				PRODUCT_NAME = "$(TARGET_NAME)";
				STRING_CATALOG_GENERATE_SYMBOLS = NO;
				SWIFT_APPROACHABLE_CONCURRENCY = YES;
				SWIFT_EMIT_LOC_STRINGS = NO;
				SWIFT_UPCOMING_FEATURE_MEMBER_IMPORT_VISIBILITY = YES;
				SWIFT_VERSION = 5.0;
				TARGETED_DEVICE_FAMILY = "1,2";
				TEST_TARGET_NAME = FinanceTracker;
			};
			name = Release;
		};
/* End XCBuildConfiguration section */

/* Begin XCConfigurationList section */
		4A6662532F1DC8C500917527 /* Build configuration list for PBXNativeTarget "FinanceWidgetExtension" */ = {
			isa = XCConfigurationList;
			buildConfigurations = (
				4A6662542F1DC8C500917527 /* Debug */,
				4A6662552F1DC8C500917527 /* Release */,
			);
			defaultConfigurationIsVisible = 0;
			defaultConfigurationName = Release;
		};
		4A7997E92F3661B800F57974 /* Build configuration list for PBXNativeTarget "FinanceTracker copy" */ = {
			isa = XCConfigurationList;
			buildConfigurations = (
				4A7997EA2F3661B800F57974 /* Debug */,
				4A7997EB2F3661B800F57974 /* Release */,
			);
			defaultConfigurationIsVisible = 0;
			defaultConfigurationName = Release;
		};
		4ADB75B72EF03ED200C767DE /* Build configuration list for PBXProject "FinanceTracker" */ = {
			isa = XCConfigurationList;
			buildConfigurations = (
				4ADB75EB2EF03ED500C767DE /* Debug */,
				4ADB75EC2EF03ED500C767DE /* Release */,
			);
			defaultConfigurationIsVisible = 0;
			defaultConfigurationName = Release;
		};
		4ADB75E82EF03ED500C767DE /* Build configuration list for PBXNativeTarget "FinanceTracker" */ = {
			isa = XCConfigurationList;
			buildConfigurations = (
				4ADB75E92EF03ED500C767DE /* Debug */,
				4ADB75EA2EF03ED500C767DE /* Release */,
			);
			defaultConfigurationIsVisible = 0;
			defaultConfigurationName = Release;
		};
		4ADB75ED2EF03ED500C767DE /* Build configuration list for PBXNativeTarget "FinanceTrackerTests" */ = {
			isa = XCConfigurationList;
			buildConfigurations = (
				4ADB75EE2EF03ED500C767DE /* Debug */,
				4ADB75EF2EF03ED500C767DE /* Release */,
			);
			defaultConfigurationIsVisible = 0;
			defaultConfigurationName = Release;
		};
		4ADB75F02EF03ED500C767DE /* Build configuration list for PBXNativeTarget "FinanceTrackerUITests" */ = {
			isa = XCConfigurationList;
			buildConfigurations = (
				4ADB75F12EF03ED500C767DE /* Debug */,
				4ADB75F22EF03ED500C767DE /* Release */,
			);
			defaultConfigurationIsVisible = 0;
			defaultConfigurationName = Release;
		};
/* End XCConfigurationList section */

/* Begin XCRemoteSwiftPackageReference section */
		4A6660CF2EF0CA9A00917527 /* XCRemoteSwiftPackageReference "firebase-ios-sdk" */ = {
			isa = XCRemoteSwiftPackageReference;
			repositoryURL = "https://github.com/firebase/firebase-ios-sdk";
			requirement = {
				kind = upToNextMajorVersion;
				minimumVersion = 12.7.0;
			};
		};
		4A7997DC2F3661B800F57974 /* XCRemoteSwiftPackageReference "firebase-ios-sdk" */ = {
			isa = XCRemoteSwiftPackageReference;
			repositoryURL = "https://github.com/firebase/firebase-ios-sdk";
			requirement = {
				kind = upToNextMajorVersion;
				minimumVersion = 12.7.0;
			};
		};
/* End XCRemoteSwiftPackageReference section */

/* Begin XCSwiftPackageProductDependency section */
		4A6660D32EF0CBAC00917527 /* FirebaseAuth */ = {
			isa = XCSwiftPackageProductDependency;
			package = 4A6660CF2EF0CA9A00917527 /* XCRemoteSwiftPackageReference "firebase-ios-sdk" */;
			productName = FirebaseAuth;
		};
		4A6660D52EF0CBB400917527 /* FirebaseFirestore */ = {
			isa = XCSwiftPackageProductDependency;
			package = 4A6660CF2EF0CA9A00917527 /* XCRemoteSwiftPackageReference "firebase-ios-sdk" */;
			productName = FirebaseFirestore;
		};
		4A6660D72EF0CBD200917527 /* FirebaseFirestoreCombine-Community */ = {
			isa = XCSwiftPackageProductDependency;
			package = 4A6660CF2EF0CA9A00917527 /* XCRemoteSwiftPackageReference "firebase-ios-sdk" */;
			productName = "FirebaseFirestoreCombine-Community";
		};
		4A7997CC2F34FFBB00F57974 /* FirebaseMessaging */ = {
			isa = XCSwiftPackageProductDependency;
			package = 4A6660CF2EF0CA9A00917527 /* XCRemoteSwiftPackageReference "firebase-ios-sdk" */;
			productName = FirebaseMessaging;
		};
		4A7997DB2F3661B800F57974 /* FirebaseAuth */ = {
			isa = XCSwiftPackageProductDependency;
			package = 4A7997DC2F3661B800F57974 /* XCRemoteSwiftPackageReference "firebase-ios-sdk" */;
			productName = FirebaseAuth;
		};
		4A7997DD2F3661B800F57974 /* FirebaseFirestore */ = {
			isa = XCSwiftPackageProductDependency;
			package = 4A7997DC2F3661B800F57974 /* XCRemoteSwiftPackageReference "firebase-ios-sdk" */;
			productName = FirebaseFirestore;
		};
		4A7997DE2F3661B800F57974 /* FirebaseFirestoreCombine-Community */ = {
			isa = XCSwiftPackageProductDependency;
			package = 4A7997DC2F3661B800F57974 /* XCRemoteSwiftPackageReference "firebase-ios-sdk" */;
			productName = "FirebaseFirestoreCombine-Community";
		};
		4A7997DF2F3661B800F57974 /* FirebaseMessaging */ = {
			isa = XCSwiftPackageProductDependency;
			package = 4A7997DC2F3661B800F57974 /* XCRemoteSwiftPackageReference "firebase-ios-sdk" */;
			productName = FirebaseMessaging;
		};
/* End XCSwiftPackageProductDependency section */
	};
	rootObject = 4ADB75B42EF03ED200C767DE /* Project object */;
}
